
Microsoft Visual Studio Solution File, Format Version 12.00
# Visual Studio 14
VisualStudioVersion = 14.0.23107.0
MinimumVisualStudioVersion = 10.0.40219.1
Project("{FAE04EC0-301F-11D3-BF4B-00C04F79EFBC}") = "MvvmSampleAgainView", "MvvmSampleAgain\MvvmSampleAgainView.csproj", "{6BD190D1-B884-4306-8EC2-1BC38DE6CB22}"
EndProject
Project("{FAE04EC0-301F-11D3-BF4B-00C04F79EFBC}") = "MvvmSampleAgain.Web", "MvvmSampleAgain.Web\MvvmSampleAgain.Web.csproj", "{FF7909FC-DB25-4F90-B710-4C6D55ACBC02}"
EndProject
Project("{FAE04EC0-301F-11D3-BF4B-00C04F79EFBC}") = "MvvmSampleAgainModel", "MvvmSampleAgainModel\MvvmSampleAgainModel.csproj", "{53FE63BC-311B-4A9B-86B2-6468C600710C}"
EndProject
Project("{FAE04EC0-301F-11D3-BF4B-00C04F79EFBC}") = "MvvmSampleAgainViewModel", "MvvmSampleAgainViewModel\MvvmSampleAgainViewModel.csproj", "{746B63B5-2529-428F-AFF0-6141B8ACC0EC}"
EndProject
Global
	GlobalSection(SolutionConfigurationPlatforms) = preSolution
		Debug|Any CPU = Debug|Any CPU
		Release|Any CPU = Release|Any CPU
	EndGlobalSection
	GlobalSection(ProjectConfigurationPlatforms) = postSolution
		{6BD190D1-B884-4306-8EC2-1BC38DE6CB22}.Debug|Any CPU.ActiveCfg = Debug|Any CPU
		{6BD190D1-B884-4306-8EC2-1BC38DE6CB22}.Debug|Any CPU.Build.0 = Debug|Any CPU
		{6BD190D1-B884-4306-8EC2-1BC38DE6CB22}.Release|Any CPU.ActiveCfg = Release|Any CPU
		{6BD190D1-B884-4306-8EC2-1BC38DE6CB22}.Release|Any CPU.Build.0 = Release|Any CPU
		{FF7909FC-DB25-4F90-B710-4C6D55ACBC02}.Debug|Any CPU.ActiveCfg = Debug|Any CPU
		{FF7909FC-DB25-4F90-B710-4C6D55ACBC02}.Debug|Any CPU.Build.0 = Debug|Any CPU
		{FF7909FC-DB25-4F90-B710-4C6D55ACBC02}.Release|Any CPU.ActiveCfg = Release|Any CPU
		{FF7909FC-DB25-4F90-B710-4C6D55ACBC02}.Release|Any CPU.Build.0 = Release|Any CPU
		{53FE63BC-311B-4A9B-86B2-6468C600710C}.Debug|Any CPU.ActiveCfg = Debug|Any CPU
		{53FE63BC-311B-4A9B-86B2-6468C600710C}.Debug|Any CPU.Build.0 = Debug|Any CPU
		{53FE63BC-311B-4A9B-86B2-6468C600710C}.Release|Any CPU.ActiveCfg = Release|Any CPU
		{53FE63BC-311B-4A9B-86B2-6468C600710C}.Release|Any CPU.Build.0 = Release|Any CPU
		{746B63B5-2529-428F-AFF0-6141B8ACC0EC}.Debug|Any CPU.ActiveCfg = Debug|Any CPU
		{746B63B5-2529-428F-AFF0-6141B8ACC0EC}.Debug|Any CPU.Build.0 = Debug|Any CPU
		{746B63B5-2529-428F-AFF0-6141B8ACC0EC}.Release|Any CPU.ActiveCfg = Release|Any CPU
		{746B63B5-2529-428F-AFF0-6141B8ACC0EC}.Release|Any CPU.Build.0 = Release|Any CPU
	EndGlobalSection
	GlobalSection(SolutionProperties) = preSolution
		HideSolutionNode = FALSE
	EndGlobalSection
EndGlobal
